// !$*UTF8*$!
{
	archiveVersion = 1;
	classes = {
	};
	objectVersion = 46;
	objects = {

/* Begin PBXBuildFile section */
		4E4E60661E35B54A009767FB /* AppDelegate.swift in Sources */ = {isa = PBXBuildFile; fileRef = 4E4E60651E35B54A009767FB /* AppDelegate.swift */; };
		4E4E606B1E35B54A009767FB /* Main.storyboard in Resources */ = {isa = PBXBuildFile; fileRef = 4E4E60691E35B54A009767FB /* Main.storyboard */; };
		4E4E606D1E35B54A009767FB /* Assets.xcassets in Resources */ = {isa = PBXBuildFile; fileRef = 4E4E606C1E35B54A009767FB /* Assets.xcassets */; };
		4E4E60701E35B54A009767FB /* LaunchScreen.storyboard in Resources */ = {isa = PBXBuildFile; fileRef = 4E4E606E1E35B54A009767FB /* LaunchScreen.storyboard */; };
		4E4E607B1E35B54A009767FB /* WorldTrotterTests.swift in Sources */ = {isa = PBXBuildFile; fileRef = 4E4E607A1E35B54A009767FB /* WorldTrotterTests.swift */; };
		4E4E60861E35B54A009767FB /* WorldTrotterUITests.swift in Sources */ = {isa = PBXBuildFile; fileRef = 4E4E60851E35B54A009767FB /* WorldTrotterUITests.swift */; };
		4E4E60941E35BDC2009767FB /* ConversionViewController.swift in Sources */ = {isa = PBXBuildFile; fileRef = 4E4E60931E35BDC2009767FB /* ConversionViewController.swift */; };
		4E8303991E380F2E0073A774 /* Localizable.strings in Resources */ = {isa = PBXBuildFile; fileRef = 4E83039B1E380F2E0073A774 /* Localizable.strings */; };
		4EA65FE21E367AC400C3E56C /* MapKit.framework in Frameworks */ = {isa = PBXBuildFile; fileRef = 4EA65FE11E367AC400C3E56C /* MapKit.framework */; };
		4EA65FE41E367C5A00C3E56C /* MapViewController.swift in Sources */ = {isa = PBXBuildFile; fileRef = 4EA65FE31E367C5A00C3E56C /* MapViewController.swift */; };
/* End PBXBuildFile section */

/* Begin PBXContainerItemProxy section */
		4E4E60771E35B54A009767FB /* PBXContainerItemProxy */ = {
			isa = PBXContainerItemProxy;
			containerPortal = 4E4E605A1E35B54A009767FB /* Project object */;
			proxyType = 1;
			remoteGlobalIDString = 4E4E60611E35B54A009767FB;
			remoteInfo = WorldTrotter;
		};
		4E4E60821E35B54A009767FB /* PBXContainerItemProxy */ = {
			isa = PBXContainerItemProxy;
			containerPortal = 4E4E605A1E35B54A009767FB /* Project object */;
			proxyType = 1;
			remoteGlobalIDString = 4E4E60611E35B54A009767FB;
			remoteInfo = WorldTrotter;
		};
/* End PBXContainerItemProxy section */

/* Begin PBXFileReference section */
		4E4E60621E35B54A009767FB /* WorldTrotter.app */ = {isa = PBXFileReference; explicitFileType = wrapper.application; includeInIndex = 0; path = WorldTrotter.app; sourceTree = BUILT_PRODUCTS_DIR; };
		4E4E60651E35B54A009767FB /* AppDelegate.swift */ = {isa = PBXFileReference; lastKnownFileType = sourcecode.swift; path = AppDelegate.swift; sourceTree = "<group>"; };
		4E4E606A1E35B54A009767FB /* Base */ = {isa = PBXFileReference; lastKnownFileType = file.storyboard; name = Base; path = Base.lproj/Main.storyboard; sourceTree = "<group>"; };
		4E4E606C1E35B54A009767FB /* Assets.xcassets */ = {isa = PBXFileReference; lastKnownFileType = folder.assetcatalog; path = Assets.xcassets; sourceTree = "<group>"; };
		4E4E606F1E35B54A009767FB /* Base */ = {isa = PBXFileReference; lastKnownFileType = file.storyboard; name = Base; path = Base.lproj/LaunchScreen.storyboard; sourceTree = "<group>"; };
		4E4E60711E35B54A009767FB /* Info.plist */ = {isa = PBXFileReference; lastKnownFileType = text.plist.xml; path = Info.plist; sourceTree = "<group>"; };
		4E4E60761E35B54A009767FB /* WorldTrotterTests.xctest */ = {isa = PBXFileReference; explicitFileType = wrapper.cfbundle; includeInIndex = 0; path = WorldTrotterTests.xctest; sourceTree = BUILT_PRODUCTS_DIR; };
		4E4E607A1E35B54A009767FB /* WorldTrotterTests.swift */ = {isa = PBXFileReference; lastKnownFileType = sourcecode.swift; path = WorldTrotterTests.swift; sourceTree = "<group>"; };
		4E4E607C1E35B54A009767FB /* Info.plist */ = {isa = PBXFileReference; lastKnownFileType = text.plist.xml; path = Info.plist; sourceTree = "<group>"; };
		4E4E60811E35B54A009767FB /* WorldTrotterUITests.xctest */ = {isa = PBXFileReference; explicitFileType = wrapper.cfbundle; includeInIndex = 0; path = WorldTrotterUITests.xctest; sourceTree = BUILT_PRODUCTS_DIR; };
		4E4E60851E35B54A009767FB /* WorldTrotterUITests.swift */ = {isa = PBXFileReference; lastKnownFileType = sourcecode.swift; path = WorldTrotterUITests.swift; sourceTree = "<group>"; };
		4E4E60871E35B54A009767FB /* Info.plist */ = {isa = PBXFileReference; lastKnownFileType = text.plist.xml; path = Info.plist; sourceTree = "<group>"; };
		4E4E60931E35BDC2009767FB /* ConversionViewController.swift */ = {isa = PBXFileReference; fileEncoding = 4; lastKnownFileType = sourcecode.swift; name = ConversionViewController.swift; path = ../ConversionViewController.swift; sourceTree = "<group>"; };
		4E8303951E380D010073A774 /* en */ = {isa = PBXFileReference; lastKnownFileType = text.plist.strings; name = en; path = en.lproj/Main.strings; sourceTree = "<group>"; };
		4E8303961E380D300073A774 /* es */ = {isa = PBXFileReference; lastKnownFileType = text.plist.strings; name = es; path = es.lproj/Main.strings; sourceTree = "<group>"; };
		4E83039A1E380F2E0073A774 /* Base */ = {isa = PBXFileReference; lastKnownFileType = text.plist.strings; name = Base; path = Base.lproj/Localizable.strings; sourceTree = "<group>"; };
		4E83039C1E380F330073A774 /* en */ = {isa = PBXFileReference; lastKnownFileType = text.plist.strings; name = en; path = en.lproj/Localizable.strings; sourceTree = "<group>"; };
		4E83039D1E380F340073A774 /* es */ = {isa = PBXFileReference; lastKnownFileType = text.plist.strings; name = es; path = es.lproj/Localizable.strings; sourceTree = "<group>"; };
		4EA65FE11E367AC400C3E56C /* MapKit.framework */ = {isa = PBXFileReference; lastKnownFileType = wrapper.framework; name = MapKit.framework; path = System/Library/Frameworks/MapKit.framework; sourceTree = SDKROOT; };
		4EA65FE31E367C5A00C3E56C /* MapViewController.swift */ = {isa = PBXFileReference; fileEncoding = 4; lastKnownFileType = sourcecode.swift; path = MapViewController.swift; sourceTree = "<group>"; };
/* End PBXFileReference section */

/* Begin PBXFrameworksBuildPhase section */
		4E4E605F1E35B54A009767FB /* Frameworks */ = {
			isa = PBXFrameworksBuildPhase;
			buildActionMask = 2147483647;
			files = (
				4EA65FE21E367AC400C3E56C /* MapKit.framework in Frameworks */,
			);
			runOnlyForDeploymentPostprocessing = 0;
		};
		4E4E60731E35B54A009767FB /* Frameworks */ = {
			isa = PBXFrameworksBuildPhase;
			buildActionMask = 2147483647;
			files = (
			);
			runOnlyForDeploymentPostprocessing = 0;
		};
		4E4E607E1E35B54A009767FB /* Frameworks */ = {
			isa = PBXFrameworksBuildPhase;
			buildActionMask = 2147483647;
			files = (
			);
			runOnlyForDeploymentPostprocessing = 0;
		};
/* End PBXFrameworksBuildPhase section */

/* Begin PBXGroup section */
		4E4E60591E35B54A009767FB = {
			isa = PBXGroup;
			children = (
				4E4E60641E35B54A009767FB /* WorldTrotter */,
				4E4E60791E35B54A009767FB /* WorldTrotterTests */,
				4E4E60841E35B54A009767FB /* WorldTrotterUITests */,
				4E4E60631E35B54A009767FB /* Products */,
				4EA65FE01E367AC400C3E56C /* Frameworks */,
			);
			sourceTree = "<group>";
		};
		4E4E60631E35B54A009767FB /* Products */ = {
			isa = PBXGroup;
			children = (
				4E4E60621E35B54A009767FB /* WorldTrotter.app */,
				4E4E60761E35B54A009767FB /* WorldTrotterTests.xctest */,
				4E4E60811E35B54A009767FB /* WorldTrotterUITests.xctest */,
			);
			name = Products;
			sourceTree = "<group>";
		};
		4E4E60641E35B54A009767FB /* WorldTrotter */ = {
			isa = PBXGroup;
			children = (
				4E4E60651E35B54A009767FB /* AppDelegate.swift */,
				4E4E60931E35BDC2009767FB /* ConversionViewController.swift */,
				4EA65FE31E367C5A00C3E56C /* MapViewController.swift */,
				4E4E60691E35B54A009767FB /* Main.storyboard */,
				4E83039B1E380F2E0073A774 /* Localizable.strings */,
				4E4E606C1E35B54A009767FB /* Assets.xcassets */,
				4E4E606E1E35B54A009767FB /* LaunchScreen.storyboard */,
				4E4E60711E35B54A009767FB /* Info.plist */,
			);
			path = WorldTrotter;
			sourceTree = "<group>";
		};
		4E4E60791E35B54A009767FB /* WorldTrotterTests */ = {
			isa = PBXGroup;
			children = (
				4E4E607A1E35B54A009767FB /* WorldTrotterTests.swift */,
				4E4E607C1E35B54A009767FB /* Info.plist */,
			);
			path = WorldTrotterTests;
			sourceTree = "<group>";
		};
		4E4E60841E35B54A009767FB /* WorldTrotterUITests */ = {
			isa = PBXGroup;
			children = (
				4E4E60851E35B54A009767FB /* WorldTrotterUITests.swift */,
				4E4E60871E35B54A009767FB /* Info.plist */,
			);
			path = WorldTrotterUITests;
			sourceTree = "<group>";
		};
		4EA65FE01E367AC400C3E56C /* Frameworks */ = {
			isa = PBXGroup;
			children = (
				4EA65FE11E367AC400C3E56C /* MapKit.framework */,
			);
			name = Frameworks;
			sourceTree = "<group>";
		};
/* End PBXGroup section */

/* Begin PBXNativeTarget section */
		4E4E60611E35B54A009767FB /* WorldTrotter */ = {
			isa = PBXNativeTarget;
			buildConfigurationList = 4E4E608A1E35B54A009767FB /* Build configuration list for PBXNativeTarget "WorldTrotter" */;
			buildPhases = (
				4E4E605E1E35B54A009767FB /* Sources */,
				4E4E605F1E35B54A009767FB /* Frameworks */,
				4E4E60601E35B54A009767FB /* Resources */,
			);
			buildRules = (
			);
			dependencies = (
			);
			name = WorldTrotter;
			productName = WorldTrotter;
			productReference = 4E4E60621E35B54A009767FB /* WorldTrotter.app */;
			productType = "com.apple.product-type.application";
		};
		4E4E60751E35B54A009767FB /* WorldTrotterTests */ = {
			isa = PBXNativeTarget;
			buildConfigurationList = 4E4E608D1E35B54A009767FB /* Build configuration list for PBXNativeTarget "WorldTrotterTests" */;
			buildPhases = (
				4E4E60721E35B54A009767FB /* Sources */,
				4E4E60731E35B54A009767FB /* Frameworks */,
				4E4E60741E35B54A009767FB /* Resources */,
			);
			buildRules = (
			);
			dependencies = (
				4E4E60781E35B54A009767FB /* PBXTargetDependency */,
			);
			name = WorldTrotterTests;
			productName = WorldTrotterTests;
			productReference = 4E4E60761E35B54A009767FB /* WorldTrotterTests.xctest */;
			productType = "com.apple.product-type.bundle.unit-test";
		};
		4E4E60801E35B54A009767FB /* WorldTrotterUITests */ = {
			isa = PBXNativeTarget;
			buildConfigurationList = 4E4E60901E35B54A009767FB /* Build configuration list for PBXNativeTarget "WorldTrotterUITests" */;
			buildPhases = (
				4E4E607D1E35B54A009767FB /* Sources */,
				4E4E607E1E35B54A009767FB /* Frameworks */,
				4E4E607F1E35B54A009767FB /* Resources */,
			);
			buildRules = (
			);
			dependencies = (
				4E4E60831E35B54A009767FB /* PBXTargetDependency */,
			);
			name = WorldTrotterUITests;
			productName = WorldTrotterUITests;
			productReference = 4E4E60811E35B54A009767FB /* WorldTrotterUITests.xctest */;
			productType = "com.apple.product-type.bundle.ui-testing";
		};
/* End PBXNativeTarget section */

/* Begin PBXProject section */
		4E4E605A1E35B54A009767FB /* Project object */ = {
			isa = PBXProject;
			attributes = {
				LastSwiftUpdateCheck = 0820;
				LastUpgradeCheck = 1030;
				ORGANIZATIONNAME = "Objective Chris";
				TargetAttributes = {
					4E4E60611E35B54A009767FB = {
						CreatedOnToolsVersion = 8.2.1;
						DevelopmentTeam = L282C3DF98;
						ProvisioningStyle = Automatic;
					};
					4E4E60751E35B54A009767FB = {
						CreatedOnToolsVersion = 8.2.1;
						ProvisioningStyle = Automatic;
						TestTargetID = 4E4E60611E35B54A009767FB;
					};
					4E4E60801E35B54A009767FB = {
						CreatedOnToolsVersion = 8.2.1;
						ProvisioningStyle = Automatic;
						TestTargetID = 4E4E60611E35B54A009767FB;
					};
				};
			};
			buildConfigurationList = 4E4E605D1E35B54A009767FB /* Build configuration list for PBXProject "WorldTrotter" */;
			compatibilityVersion = "Xcode 3.2";
			developmentRegion = en;
			hasScannedForEncodings = 0;
			knownRegions = (
				en,
				Base,
				es,
			);
			mainGroup = 4E4E60591E35B54A009767FB;
			productRefGroup = 4E4E60631E35B54A009767FB /* Products */;
			projectDirPath = "";
			projectRoot = "";
			targets = (
				4E4E60611E35B54A009767FB /* WorldTrotter */,
				4E4E60751E35B54A009767FB /* WorldTrotterTests */,
				4E4E60801E35B54A009767FB /* WorldTrotterUITests */,
			);
		};
/* End PBXProject section */

/* Begin PBXResourcesBuildPhase section */
		4E4E60601E35B54A009767FB /* Resources */ = {
			isa = PBXResourcesBuildPhase;
			buildActionMask = 2147483647;
			files = (
				4E4E60701E35B54A009767FB /* LaunchScreen.storyboard in Resources */,
				4E8303991E380F2E0073A774 /* Localizable.strings in Resources */,
				4E4E606D1E35B54A009767FB /* Assets.xcassets in Resources */,
				4E4E606B1E35B54A009767FB /* Main.storyboard in Resources */,
			);
			runOnlyForDeploymentPostprocessing = 0;
		};
		4E4E60741E35B54A009767FB /* Resources */ = {
			isa = PBXResourcesBuildPhase;
			buildActionMask = 2147483647;
			files = (
			);
			runOnlyForDeploymentPostprocessing = 0;
		};
		4E4E607F1E35B54A009767FB /* Resources */ = {
			isa = PBXResourcesBuildPhase;
			buildActionMask = 2147483647;
			files = (
			);
			runOnlyForDeploymentPostprocessing = 0;
		};
/* End PBXResourcesBuildPhase section */

/* Begin PBXSourcesBuildPhase section */
		4E4E605E1E35B54A009767FB /* Sources */ = {
			isa = PBXSourcesBuildPhase;
			buildActionMask = 2147483647;
			files = (
				4E4E60941E35BDC2009767FB /* ConversionViewController.swift in Sources */,
				4EA65FE41E367C5A00C3E56C /* MapViewController.swift in Sources */,
				4E4E60661E35B54A009767FB /* AppDelegate.swift in Sources */,
			);
			runOnlyForDeploymentPostprocessing = 0;
		};
		4E4E60721E35B54A009767FB /* Sources */ = {
			isa = PBXSourcesBuildPhase;
			buildActionMask = 2147483647;
			files = (
				4E4E607B1E35B54A009767FB /* WorldTrotterTests.swift in Sources */,
			);
			runOnlyForDeploymentPostprocessing = 0;
		};
		4E4E607D1E35B54A009767FB /* Sources */ = {
			isa = PBXSourcesBuildPhase;
			buildActionMask = 2147483647;
			files = (
				4E4E60861E35B54A009767FB /* WorldTrotterUITests.swift in Sources */,
			);
			runOnlyForDeploymentPostprocessing = 0;
		};
/* End PBXSourcesBuildPhase section */

/* Begin PBXTargetDependency section */
		4E4E60781E35B54A009767FB /* PBXTargetDependency */ = {
			isa = PBXTargetDependency;
			target = 4E4E60611E35B54A009767FB /* WorldTrotter */;
			targetProxy = 4E4E60771E35B54A009767FB /* PBXContainerItemProxy */;
		};
		4E4E60831E35B54A009767FB /* PBXTargetDependency */ = {
			isa = PBXTargetDependency;
			target = 4E4E60611E35B54A009767FB /* WorldTrotter */;
			targetProxy = 4E4E60821E35B54A009767FB /* PBXContainerItemProxy */;
		};
/* End PBXTargetDependency section */

/* Begin PBXVariantGroup section */
		4E4E60691E35B54A009767FB /* Main.storyboard */ = {
			isa = PBXVariantGroup;
			children = (
				4E4E606A1E35B54A009767FB /* Base */,
				4E8303951E380D010073A774 /* en */,
				4E8303961E380D300073A774 /* es */,
			);
			name = Main.storyboard;
			sourceTree = "<group>";
		};
		4E4E606E1E35B54A009767FB /* LaunchScreen.storyboard */ = {
			isa = PBXVariantGroup;
			children = (
				4E4E606F1E35B54A009767FB /* Base */,
			);
			name = LaunchScreen.storyboard;
			sourceTree = "<group>";
		};
		4E83039B1E380F2E0073A774 /* Localizable.strings */ = {
			isa = PBXVariantGroup;
			children = (
				4E83039A1E380F2E0073A774 /* Base */,
				4E83039C1E380F330073A774 /* en */,
				4E83039D1E380F340073A774 /* es */,
			);
			name = Localizable.strings;
			sourceTree = "<group>";
		};
/* End PBXVariantGroup section */

/* Begin XCBuildConfiguration section */
		4E4E60881E35B54A009767FB /* Debug */ = {
			isa = XCBuildConfiguration;
			buildSettings = {
				ALWAYS_SEARCH_USER_PATHS = NO;
				CLANG_ANALYZER_LOCALIZABILITY_NONLOCALIZED = YES;
				CLANG_ANALYZER_NONNULL = YES;
				CLANG_CXX_LANGUAGE_STANDARD = "gnu++0x";
				CLANG_CXX_LIBRARY = "libc++";
				CLANG_ENABLE_MODULES = YES;
				CLANG_ENABLE_OBJC_ARC = YES;
				CLANG_WARN_BLOCK_CAPTURE_AUTORELEASING = YES;
				CLANG_WARN_BOOL_CONVERSION = YES;
				CLANG_WARN_COMMA = YES;
				CLANG_WARN_CONSTANT_CONVERSION = YES;
				CLANG_WARN_DEPRECATED_OBJC_IMPLEMENTATIONS = YES;
				CLANG_WARN_DIRECT_OBJC_ISA_USAGE = YES_ERROR;
				CLANG_WARN_DOCUMENTATION_COMMENTS = YES;
				CLANG_WARN_EMPTY_BODY = YES;
				CLANG_WARN_ENUM_CONVERSION = YES;
				CLANG_WARN_INFINITE_RECURSION = YES;
				CLANG_WARN_INT_CONVERSION = YES;
				CLANG_WARN_NON_LITERAL_NULL_CONVERSION = YES;
				CLANG_WARN_OBJC_IMPLICIT_RETAIN_SELF = YES;
				CLANG_WARN_OBJC_LITERAL_CONVERSION = YES;
				CLANG_WARN_OBJC_ROOT_CLASS = YES_ERROR;
				CLANG_WARN_RANGE_LOOP_ANALYSIS = YES;
				CLANG_WARN_STRICT_PROTOTYPES = YES;
				CLANG_WARN_SUSPICIOUS_MOVE = YES;
				CLANG_WARN_UNREACHABLE_CODE = YES;
				CLANG_WARN__DUPLICATE_METHOD_MATCH = YES;
				"CODE_SIGN_IDENTITY[sdk=iphoneos*]" = "iPhone Developer";
				COPY_PHASE_STRIP = NO;
				DEBUG_INFORMATION_FORMAT = dwarf;
				ENABLE_STRICT_OBJC_MSGSEND = YES;
				ENABLE_TESTABILITY = YES;
				GCC_C_LANGUAGE_STANDARD = gnu99;
				GCC_DYNAMIC_NO_PIC = NO;
				GCC_NO_COMMON_BLOCKS = YES;
				GCC_OPTIMIZATION_LEVEL = 0;
				GCC_PREPROCESSOR_DEFINITIONS = (
					"DEBUG=1",
					"$(inherited)",
				);
				GCC_WARN_64_TO_32_BIT_CONVERSION = YES;
				GCC_WARN_ABOUT_RETURN_TYPE = YES_ERROR;
				GCC_WARN_UNDECLARED_SELECTOR = YES;
				GCC_WARN_UNINITIALIZED_AUTOS = YES_AGGRESSIVE;
				GCC_WARN_UNUSED_FUNCTION = YES;
				GCC_WARN_UNUSED_VARIABLE = YES;
				IPHONEOS_DEPLOYMENT_TARGET = 11.0;
				MTL_ENABLE_DEBUG_INFO = YES;
				ONLY_ACTIVE_ARCH = YES;
				SDKROOT = iphoneos;
				SWIFT_ACTIVE_COMPILATION_CONDITIONS = DEBUG;
				SWIFT_OPTIMIZATION_LEVEL = "-Onone";
				SWIFT_VERSION = 5.0;
				TARGETED_DEVICE_FAMILY = "1,2";
			};
			name = Debug;
		};
		4E4E60891E35B54A009767FB /* Release */ = {
			isa = XCBuildConfiguration;
			buildSettings = {
				ALWAYS_SEARCH_USER_PATHS = NO;
				CLANG_ANALYZER_LOCALIZABILITY_NONLOCALIZED = YES;
				CLANG_ANALYZER_NONNULL = YES;
				CLANG_CXX_LANGUAGE_STANDARD = "gnu++0x";
				CLANG_CXX_LIBRARY = "libc++";
				CLANG_ENABLE_MODULES = YES;
				CLANG_ENABLE_OBJC_ARC = YES;
				CLANG_WARN_BLOCK_CAPTURE_AUTORELEASING = YES;
				CLANG_WARN_BOOL_CONVERSION = YES;
				CLANG_WARN_COMMA = YES;
				CLANG_WARN_CONSTANT_CONVERSION = YES;
				CLANG_WARN_DEPRECATED_OBJC_IMPLEMENTATIONS = YES;
				CLANG_WARN_DIRECT_OBJC_ISA_USAGE = YES_ERROR;
				CLANG_WARN_DOCUMENTATION_COMMENTS = YES;
				CLANG_WARN_EMPTY_BODY = YES;
				CLANG_WARN_ENUM_CONVERSION = YES;
				CLANG_WARN_INFINITE_RECURSION = YES;
				CLANG_WARN_INT_CONVERSION = YES;
				CLANG_WARN_NON_LITERAL_NULL_CONVERSION = YES;
				CLANG_WARN_OBJC_IMPLICIT_RETAIN_SELF = YES;
				CLANG_WARN_OBJC_LITERAL_CONVERSION = YES;
				CLANG_WARN_OBJC_ROOT_CLASS = YES_ERROR;
				CLANG_WARN_RANGE_LOOP_ANALYSIS = YES;
				CLANG_WARN_STRICT_PROTOTYPES = YES;
				CLANG_WARN_SUSPICIOUS_MOVE = YES;
				CLANG_WARN_UNREACHABLE_CODE = YES;
				CLANG_WARN__DUPLICATE_METHOD_MATCH = YES;
				"CODE_SIGN_IDENTITY[sdk=iphoneos*]" = "iPhone Developer";
				COPY_PHASE_STRIP = NO;
				DEBUG_INFORMATION_FORMAT = "dwarf-with-dsym";
				ENABLE_NS_ASSERTIONS = NO;
				ENABLE_STRICT_OBJC_MSGSEND = YES;
				GCC_C_LANGUAGE_STANDARD = gnu99;
				GCC_NO_COMMON_BLOCKS = YES;
				GCC_WARN_64_TO_32_BIT_CONVERSION = YES;
				GCC_WARN_ABOUT_RETURN_TYPE = YES_ERROR;
				GCC_WARN_UNDECLARED_SELECTOR = YES;
				GCC_WARN_UNINITIALIZED_AUTOS = YES_AGGRESSIVE;
				GCC_WARN_UNUSED_FUNCTION = YES;
				GCC_WARN_UNUSED_VARIABLE = YES;
				IPHONEOS_DEPLOYMENT_TARGET = 11.0;
				MTL_ENABLE_DEBUG_INFO = NO;
				SDKROOT = iphoneos;
				SWIFT_OPTIMIZATION_LEVEL = "-Owholemodule";
				SWIFT_VERSION = 5.0;
				TARGETED_DEVICE_FAMILY = "1,2";
				VALIDATE_PRODUCT = YES;
			};
			name = Release;
		};
		4E4E608B1E35B54A009767FB /* Debug */ = {
			isa = XCBuildConfiguration;
			buildSettings = {
				ASSETCATALOG_COMPILER_APPICON_NAME = AppIcon;
				DEVELOPMENT_TEAM = L282C3DF98;
				INFOPLIST_FILE = WorldTrotter/Info.plist;
				IPHONEOS_DEPLOYMENT_TARGET = 11.0;
				LD_RUNPATH_SEARCH_PATHS = "$(inherited) @executable_path/Frameworks";
				PRODUCT_BUNDLE_IDENTIFIER = com.objectivechris.WorldTrotter;
				PRODUCT_NAME = "$(TARGET_NAME)";
				SWIFT_VERSION = 5.0;
			};
			name = Debug;
		};
		4E4E608C1E35B54A009767FB /* Release */ = {
			isa = XCBuildConfiguration;
			buildSettings = {
				ASSETCATALOG_COMPILER_APPICON_NAME = AppIcon;
				DEVELOPMENT_TEAM = L282C3DF98;
				INFOPLIST_FILE = WorldTrotter/Info.plist;
				IPHONEOS_DEPLOYMENT_TARGET = 11.0;
				LD_RUNPATH_SEARCH_PATHS = "$(inherited) @executable_path/Frameworks";
				PRODUCT_BUNDLE_IDENTIFIER = com.objectivechris.WorldTrotter;
				PRODUCT_NAME = "$(TARGET_NAME)";
				SWIFT_VERSION = 5.0;
			};
			name = Release;
		};
		4E4E608E1E35B54A009767FB /* Debug */ = {
			isa = XCBuildConfiguration;
			buildSettings = {
				ALWAYS_EMBED_SWIFT_STANDARD_LIBRARIES = YES;
				BUNDLE_LOADER = "$(TEST_HOST)";
				INFOPLIST_FILE = WorldTrotterTests/Info.plist;
				LD_RUNPATH_SEARCH_PATHS = "$(inherited) @executable_path/Frameworks @loader_path/Frameworks";
				PRODUCT_BUNDLE_IDENTIFIER = com.objectivechris.WorldTrotterTests;
				PRODUCT_NAME = "$(TARGET_NAME)";
				SWIFT_VERSION = 5.0;
				TEST_HOST = "$(BUILT_PRODUCTS_DIR)/WorldTrotter.app/WorldTrotter";
			};
			name = Debug;
		};
		4E4E608F1E35B54A009767FB /* Release */ = {
			isa = XCBuildConfiguration;
			buildSettings = {
				ALWAYS_EMBED_SWIFT_STANDARD_LIBRARIES = YES;
				BUNDLE_LOADER = "$(TEST_HOST)";
				INFOPLIST_FILE = WorldTrotterTests/Info.plist;
				LD_RUNPATH_SEARCH_PATHS = "$(inherited) @executable_path/Frameworks @loader_path/Frameworks";
				PRODUCT_BUNDLE_IDENTIFIER = com.objectivechris.WorldTrotterTests;
				PRODUCT_NAME = "$(TARGET_NAME)";
				SWIFT_VERSION = 5.0;
				TEST_HOST = "$(BUILT_PRODUCTS_DIR)/WorldTrotter.app/WorldTrotter";
			};
			name = Release;
		};
		4E4E60911E35B54A009767FB /* Debug */ = {
			isa = XCBuildConfiguration;
			buildSettings = {
				ALWAYS_EMBED_SWIFT_STANDARD_LIBRARIES = YES;
				INFOPLIST_FILE = WorldTrotterUITests/Info.plist;
				LD_RUNPATH_SEARCH_PATHS = "$(inherited) @executable_path/Frameworks @loader_path/Frameworks";
				PRODUCT_BUNDLE_IDENTIFIER = com.objectivechris.WorldTrotterUITests;
				PRODUCT_NAME = "$(TARGET_NAME)";
				SWIFT_VERSION = 5.0;
				TEST_TARGET_NAME = WorldTrotter;
			};
			name = Debug;
		};
		4E4E60921E35B54A009767FB /* Release */ = {
			isa = XCBuildConfiguration;
			buildSettings = {
				ALWAYS_EMBED_SWIFT_STANDARD_LIBRARIES = YES;
				INFOPLIST_FILE = WorldTrotterUITests/Info.plist;
				LD_RUNPATH_SEARCH_PATHS = "$(inherited) @executable_path/Frameworks @loader_path/Frameworks";
				PRODUCT_BUNDLE_IDENTIFIER = com.objectivechris.WorldTrotterUITests;
				PRODUCT_NAME = "$(TARGET_NAME)";
				SWIFT_VERSION = 5.0;
				TEST_TARGET_NAME = WorldTrotter;
			};
			name = Release;
		};
/* End XCBuildConfiguration section */

/* Begin XCConfigurationList section */
		4E4E605D1E35B54A009767FB /* Build configuration list for PBXProject "WorldTrotter" */ = {
			isa = XCConfigurationList;
			buildConfigurations = (
				4E4E60881E35B54A009767FB /* Debug */,
				4E4E60891E35B54A009767FB /* Release */,
			);
			defaultConfigurationIsVisible = 0;
			defaultConfigurationName = Release;
		};
		4E4E608A1E35B54A009767FB /* Build configuration list for PBXNativeTarget "WorldTrotter" */ = {
			isa = XCConfigurationList;
			buildConfigurations = (
				4E4E608B1E35B54A009767FB /* Debug */,
				4E4E608C1E35B54A009767FB /* Release */,
			);
			defaultConfigurationIsVisible = 0;
			defaultConfigurationName = Release;
		};
		4E4E608D1E35B54A009767FB /* Build configuration list for PBXNativeTarget "WorldTrotterTests" */ = {
			isa = XCConfigurationList;
			buildConfigurations = (
				4E4E608E1E35B54A009767FB /* Debug */,
				4E4E608F1E35B54A009767FB /* Release */,
			);
			defaultConfigurationIsVisible = 0;
			defaultConfigurationName = Release;
		};
		4E4E60901E35B54A009767FB /* Build configuration list for PBXNativeTarget "WorldTrotterUITests" */ = {
			isa = XCConfigurationList;
			buildConfigurations = (
				4E4E60911E35B54A009767FB /* Debug */,
				4E4E60921E35B54A009767FB /* Release */,
			);
			defaultConfigurationIsVisible = 0;
			defaultConfigurationName = Release;
		};
/* End XCConfigurationList section */
	};
	rootObject = 4E4E605A1E35B54A009767FB /* Project object */;
}
